
Microsoft Visual Studio Solution File, Format Version 11.00
# Visual Studio 2010
Project("{FAE04EC0-301F-11D3-BF4B-00C04F79EFBC}") = "ShinobiDemo.Core", "ShinobiDemo.Core\ShinobiDemo.Core.csproj", "{49DADFFB-8F03-44BA-9A34-7109BB37A7C6}"
EndProject
Global
	GlobalSection(SolutionConfigurationPlatforms) = preSolution
		Debug|Any CPU = Debug|Any CPU
		Release|Any CPU = Release|Any CPU
	EndGlobalSection
	GlobalSection(ProjectConfigurationPlatforms) = postSolution
		{49DADFFB-8F03-44BA-9A34-7109BB37A7C6}.Debug|Any CPU.ActiveCfg = Debug|Any CPU
		{49DADFFB-8F03-44BA-9A34-7109BB37A7C6}.Debug|Any CPU.Build.0 = Debug|Any CPU
		{49DADFFB-8F03-44BA-9A34-7109BB37A7C6}.Release|Any CPU.ActiveCfg = Release|Any CPU
		{49DADFFB-8F03-44BA-9A34-7109BB37A7C6}.Release|Any CPU.Build.0 = Release|Any CPU
	EndGlobalSection
	GlobalSection(MonoDevelopProperties) = preSolution
		StartupItem = ShinobiDemo.Core\ShinobiDemo.Core.csproj
	EndGlobalSection
EndGlobal
