
Microsoft Visual Studio Solution File, Format Version 11.00
# Visual Studio 2010
Project("{FAE04EC0-301F-11D3-BF4B-00C04F79EFBC}") = "ShinobiDemo.Core", "ShinobiDemo.Core\ShinobiDemo.Core.csproj", "{49DADFFB-8F03-44BA-9A34-7109BB37A7C6}"
EndProject
Project("{FAE04EC0-301F-11D3-BF4B-00C04F79EFBC}") = "ShinobiDemo.Touch", "ShinobiDemo.Touch\ShinobiDemo.Touch.csproj", "{1018839C-E43A-4193-A6E3-A6D75B402D80}"
EndProject
Global
	GlobalSection(SolutionConfigurationPlatforms) = preSolution
		Debug|Any CPU = Debug|Any CPU
		Release|Any CPU = Release|Any CPU
		Debug|iPhoneSimulator = Debug|iPhoneSimulator
		Release|iPhoneSimulator = Release|iPhoneSimulator
		Debug|iPhone = Debug|iPhone
		Release|iPhone = Release|iPhone
		Ad-Hoc|iPhone = Ad-Hoc|iPhone
		AppStore|iPhone = AppStore|iPhone
	EndGlobalSection
	GlobalSection(ProjectConfigurationPlatforms) = postSolution
		{1018839C-E43A-4193-A6E3-A6D75B402D80}.Ad-Hoc|iPhone.ActiveCfg = Ad-Hoc|iPhone
		{1018839C-E43A-4193-A6E3-A6D75B402D80}.Ad-Hoc|iPhone.Build.0 = Ad-Hoc|iPhone
		{1018839C-E43A-4193-A6E3-A6D75B402D80}.AppStore|iPhone.ActiveCfg = AppStore|iPhone
		{1018839C-E43A-4193-A6E3-A6D75B402D80}.AppStore|iPhone.Build.0 = AppStore|iPhone
		{1018839C-E43A-4193-A6E3-A6D75B402D80}.Debug|Any CPU.ActiveCfg = Debug|iPhoneSimulator
		{1018839C-E43A-4193-A6E3-A6D75B402D80}.Debug|Any CPU.Build.0 = Debug|iPhoneSimulator
		{1018839C-E43A-4193-A6E3-A6D75B402D80}.Debug|iPhone.ActiveCfg = Debug|iPhone
		{1018839C-E43A-4193-A6E3-A6D75B402D80}.Debug|iPhone.Build.0 = Debug|iPhone
		{1018839C-E43A-4193-A6E3-A6D75B402D80}.Debug|iPhoneSimulator.ActiveCfg = Debug|iPhoneSimulator
		{1018839C-E43A-4193-A6E3-A6D75B402D80}.Debug|iPhoneSimulator.Build.0 = Debug|iPhoneSimulator
		{1018839C-E43A-4193-A6E3-A6D75B402D80}.Release|Any CPU.ActiveCfg = Release|iPhoneSimulator
		{1018839C-E43A-4193-A6E3-A6D75B402D80}.Release|Any CPU.Build.0 = Release|iPhoneSimulator
		{1018839C-E43A-4193-A6E3-A6D75B402D80}.Release|iPhone.ActiveCfg = Release|iPhone
		{1018839C-E43A-4193-A6E3-A6D75B402D80}.Release|iPhone.Build.0 = Release|iPhone
		{1018839C-E43A-4193-A6E3-A6D75B402D80}.Release|iPhoneSimulator.ActiveCfg = Release|iPhoneSimulator
		{1018839C-E43A-4193-A6E3-A6D75B402D80}.Release|iPhoneSimulator.Build.0 = Release|iPhoneSimulator
		{49DADFFB-8F03-44BA-9A34-7109BB37A7C6}.Ad-Hoc|iPhone.ActiveCfg = Debug|Any CPU
		{49DADFFB-8F03-44BA-9A34-7109BB37A7C6}.Ad-Hoc|iPhone.Build.0 = Debug|Any CPU
		{49DADFFB-8F03-44BA-9A34-7109BB37A7C6}.AppStore|iPhone.ActiveCfg = Debug|Any CPU
		{49DADFFB-8F03-44BA-9A34-7109BB37A7C6}.AppStore|iPhone.Build.0 = Debug|Any CPU
		{49DADFFB-8F03-44BA-9A34-7109BB37A7C6}.Debug|Any CPU.ActiveCfg = Debug|Any CPU
		{49DADFFB-8F03-44BA-9A34-7109BB37A7C6}.Debug|Any CPU.Build.0 = Debug|Any CPU
		{49DADFFB-8F03-44BA-9A34-7109BB37A7C6}.Debug|iPhone.ActiveCfg = Debug|Any CPU
		{49DADFFB-8F03-44BA-9A34-7109BB37A7C6}.Debug|iPhone.Build.0 = Debug|Any CPU
		{49DADFFB-8F03-44BA-9A34-7109BB37A7C6}.Debug|iPhoneSimulator.ActiveCfg = Debug|Any CPU
		{49DADFFB-8F03-44BA-9A34-7109BB37A7C6}.Debug|iPhoneSimulator.Build.0 = Debug|Any CPU
		{49DADFFB-8F03-44BA-9A34-7109BB37A7C6}.Release|Any CPU.ActiveCfg = Release|Any CPU
		{49DADFFB-8F03-44BA-9A34-7109BB37A7C6}.Release|Any CPU.Build.0 = Release|Any CPU
		{49DADFFB-8F03-44BA-9A34-7109BB37A7C6}.Release|iPhone.ActiveCfg = Release|Any CPU
		{49DADFFB-8F03-44BA-9A34-7109BB37A7C6}.Release|iPhone.Build.0 = Release|Any CPU
		{49DADFFB-8F03-44BA-9A34-7109BB37A7C6}.Release|iPhoneSimulator.ActiveCfg = Release|Any CPU
		{49DADFFB-8F03-44BA-9A34-7109BB37A7C6}.Release|iPhoneSimulator.Build.0 = Release|Any CPU
	EndGlobalSection
	GlobalSection(MonoDevelopProperties) = preSolution
		StartupItem = ShinobiDemo.Core\ShinobiDemo.Core.csproj
	EndGlobalSection
EndGlobal
